PODS:
  - Bolts/Tasks (1.9.0)
  - Former (1.7.0)
  - Parse (1.17.2):
    - Parse/Core (= 1.17.2)
  - Parse/Core (1.17.2):
    - Bolts/Tasks (~> 1.9)
  - Parse/UI (1.17.2):
    - Parse/Core
  - Reusable (4.0.5):
    - Reusable/Storyboard (= 4.0.5)
    - Reusable/View (= 4.0.5)
  - Reusable/Storyboard (4.0.5)
  - Reusable/View (4.0.5)
  - SCLAlertView (0.8.1)
  - SnapKit (4.0.1)

DEPENDENCIES:
  - Former (~> 1.7.0)
  - Parse (~> 1.17.0-alpha.3)
  - Parse/UI
  - Reusable
  - SCLAlertView (from `https://github.com/vikmeup/SCLAlertView-Swift.git`)
  - SnapKit (~> 4.0.0)

SPEC REPOS:
  https://github.com/cocoapods/specs.git:
    - Bolts
    - Former
    - Parse
    - Reusable
    - SnapKit

EXTERNAL SOURCES:
  SCLAlertView:
    :git: https://github.com/vikmeup/SCLAlertView-Swift.git

CHECKOUT OPTIONS:
  SCLAlertView:
    :commit: 86ea7613c99cd4896765fabfa773b39b40bc8590
    :git: https://github.com/vikmeup/SCLAlertView-Swift.git

SPEC CHECKSUMS:
  Bolts: ac6567323eac61e203f6a9763667d0f711be34c8
  Former: f78c0c28b84aadc4da3bf29e97220c8db188048d
  Parse: 3b31a3dd1777b07ee7f0caee32fafbff544483a5
  Reusable: 188be1a54ac0691bc66e5bb24ec6eb91971b315b
  SCLAlertView: 9fea8ac145c0bd4989ef6abe1d3859b48f458986
  SnapKit: 0de968a9fec17499afa29683b05d0c775b6d1c29

PODFILE CHECKSUM: bd19098fccaaadab92396f9a8c31919c3be674e2

COCOAPODS: 1.5.3
